
Microsoft Visual Studio Solution File, Format Version 12.00
# Visual Studio 15
VisualStudioVersion = 15.0.28307.539
MinimumVisualStudioVersion = 10.0.40219.1
Project("{FAE04EC0-301F-11D3-BF4B-00C04F79EFBC}") = "Example2", "Example2\Example2.csproj", "{DC9C1F80-30D8-4751-BA4D-25A887D5E641}"
EndProject
Project("{FAE04EC0-301F-11D3-BF4B-00C04F79EFBC}") = "UnitTestProject1", "UnitTestProject1\UnitTestProject1.csproj", "{254EDC8F-756D-42D4-A012-0DB6051E69D7}"
EndProject
Global
	GlobalSection(SolutionConfigurationPlatforms) = preSolution
		Debug|Any CPU = Debug|Any CPU
		Release|Any CPU = Release|Any CPU
	EndGlobalSection
	GlobalSection(ProjectConfigurationPlatforms) = postSolution
		{DC9C1F80-30D8-4751-BA4D-25A887D5E641}.Debug|Any CPU.ActiveCfg = Debug|Any CPU
		{DC9C1F80-30D8-4751-BA4D-25A887D5E641}.Debug|Any CPU.Build.0 = Debug|Any CPU
		{DC9C1F80-30D8-4751-BA4D-25A887D5E641}.Release|Any CPU.ActiveCfg = Release|Any CPU
		{DC9C1F80-30D8-4751-BA4D-25A887D5E641}.Release|Any CPU.Build.0 = Release|Any CPU
		{254EDC8F-756D-42D4-A012-0DB6051E69D7}.Debug|Any CPU.ActiveCfg = Debug|Any CPU
		{254EDC8F-756D-42D4-A012-0DB6051E69D7}.Debug|Any CPU.Build.0 = Debug|Any CPU
		{254EDC8F-756D-42D4-A012-0DB6051E69D7}.Release|Any CPU.ActiveCfg = Release|Any CPU
		{254EDC8F-756D-42D4-A012-0DB6051E69D7}.Release|Any CPU.Build.0 = Release|Any CPU
	EndGlobalSection
	GlobalSection(SolutionProperties) = preSolution
		HideSolutionNode = FALSE
	EndGlobalSection
	GlobalSection(ExtensibilityGlobals) = postSolution
		SolutionGuid = {A5824821-DFD0-4961-A901-3FE6CF28B5BB}
	EndGlobalSection
EndGlobal
